{
  "name": "events-ns",
  "version": "1.0.0",
  "lockfileVersion": 1,
  "requires": true,
  "dependencies": {
    "events": {
      "version": "3.3.0",
      "resolved": "https://registry.npm.taobao.org/events/download/events-3.3.0.tgz?cache=0&sync_timestamp=1614444817773&other_urls=https%3A%2F%2Fregistry.npm.taobao.org%2Fevents%2Fdownload%2Fevents-3.3.0.tgz",
      "integrity": "sha1-Mala0Kkk4tLEGagTrrLE6HjqdAA="
    }
  }
}
